{
  "name": "tryvion-platform",
  "lockfileVersion": 3,
  "requires": true,
  "packages": {
    "": {
      "name": "tryvion-platform",
      "dependencies": {
        "lucide-react": "^1.31.0",
        "motion": "^13.1.0"
      },
      "devDependencies": {
        "prettier": "^3.6.2",
        "turbo": "^2.5.5"
      }
    },
    "node_modules/.pnpm/prettier@3.9.6/node_modules/prettier": {
      "version": "3.9.6",
      "dev": true,
      "license": "MIT",
      "bin": {
        "prettier": "bin/prettier.cjs"
      },
      "engines": {
        "node": ">=14"
      },
      "funding": {
        "url": "https://github.com/prettier/prettier?sponsor=1"
      }
    },
    "node_modules/.pnpm/turbo@2.10.8/node_modules/turbo": {
      "version": "2.10.8",
      "dev": true,
      "license": "MIT",
      "bin": {
        "turbo": "bin/turbo"
      },
      "optionalDependencies": {
        "@turbo/darwin-64": "2.10.8",
        "@turbo/darwin-arm64": "2.10.8",
        "@turbo/linux-64": "2.10.8",
        "@turbo/linux-arm64": "2.10.8",
        "@turbo/windows-64": "2.10.8",
        "@turbo/windows-arm64": "2.10.8"
      }
    },
    "node_modules/@turbo/darwin-64": {
      "version": "2.10.8",
      "resolved": "https://registry.npmjs.org/@turbo/darwin-64/-/darwin-64-2.10.8.tgz",
      "integrity": "sha512-po+7rfJfUnFXjWlcoN2RwhErgzCdRtBc1T26vYPcywHlggmCQiQe1uWaE4j+BibI2uY9/2pDoFzMN0rmSaPFOw==",
      "cpu": [
        "x64"
      ],
      "dev": true,
      "license": "MIT",
      "optional": true,
      "os": [
        "darwin"
      ]
    },
    "node_modules/@turbo/darwin-arm64": {
      "version": "2.10.8",
      "resolved": "https://registry.npmjs.org/@turbo/darwin-arm64/-/darwin-arm64-2.10.8.tgz",
      "integrity": "sha512-+zB2btDJ00lnPRuqOvpVvgl4x34k/djZQGZTTCfjn7JgNCl8QFY5Njo5+dqkY1g/+9gbbsnAvWm9CmJg9ebcXA==",
      "cpu": [
        "arm64"
      ],
      "dev": true,
      "license": "MIT",
      "optional": true,
      "os": [
        "darwin"
      ]
    },
    "node_modules/@turbo/linux-64": {
      "version": "2.10.8",
      "resolved": "https://registry.npmjs.org/@turbo/linux-64/-/linux-64-2.10.8.tgz",
      "integrity": "sha512-K1dxqiVisyN7cViVsfQLs6xscQbYuI8aO2nbUhFURDACgEDfZRdP/b4CCxeosBJpcMfhYyiibWqJorCnvz9kKg==",
      "cpu": [
        "x64"
      ],
      "dev": true,
      "license": "MIT",
      "optional": true,
      "os": [
        "android",
        "linux"
      ]
    },
    "node_modules/@turbo/linux-arm64": {
      "version": "2.10.8",
      "resolved": "https://registry.npmjs.org/@turbo/linux-arm64/-/linux-arm64-2.10.8.tgz",
      "integrity": "sha512-Gi77ibVnrE1fEmvr+/wBD/yvRqhwp/RQuCp2+//lv1U1wNFFyVg0V7Wj8FG9FXPFAw5QHReo8rxc9+wBSDZjzA==",
      "cpu": [
        "arm64"
      ],
      "dev": true,
      "license": "MIT",
      "optional": true,
      "os": [
        "android",
        "linux"
      ]
    },
    "node_modules/@turbo/windows-64": {
      "version": "2.10.8",
      "resolved": "https://registry.npmjs.org/@turbo/windows-64/-/windows-64-2.10.8.tgz",
      "integrity": "sha512-znnLO1haJPYTHoKMKwlAvlkjRiYbbhBzME6wIGaMd+fwir23U6jVd1ecaTWWi1fbnRVqxMfgDBKseQ/hLKb83g==",
      "cpu": [
        "x64"
      ],
      "dev": true,
      "license": "MIT",
      "optional": true,
      "os": [
        "win32"
      ]
    },
    "node_modules/@turbo/windows-arm64": {
      "version": "2.10.8",
      "resolved": "https://registry.npmjs.org/@turbo/windows-arm64/-/windows-arm64-2.10.8.tgz",
      "integrity": "sha512-VN30vh3b3Czh2WzYHNTfF1FE0YMZ5aHsLO8dBMGHJewA6792wX6iJR8ZxlzFW6WdOu0gEAKIvlYhfyT81Wkm4Q==",
      "cpu": [
        "arm64"
      ],
      "dev": true,
      "license": "MIT",
      "optional": true,
      "os": [
        "win32"
      ]
    },
    "node_modules/framer-motion": {
      "version": "13.1.0",
      "resolved": "https://registry.npmjs.org/framer-motion/-/framer-motion-13.1.0.tgz",
      "integrity": "sha512-QSZrF0Id3QGuHJ+OL+9PSY9pk86C8ERFalwAGSchzTm65+ZoGH/RM26lmEARLljcHj2lqhv0jZOOks+EI3COOw==",
      "license": "MIT",
      "dependencies": {
        "motion-dom": "^13.0.0",
        "motion-utils": "^13.0.0",
        "tslib": "^2.4.0"
      },
      "peerDependencies": {
        "react": "^18.0.0 || ^19.0.0",
        "react-dom": "^18.0.0 || ^19.0.0"
      },
      "peerDependenciesMeta": {
        "react": {
          "optional": true
        },
        "react-dom": {
          "optional": true
        }
      }
    },
    "node_modules/lucide-react": {
      "version": "1.31.0",
      "resolved": "https://registry.npmjs.org/lucide-react/-/lucide-react-1.31.0.tgz",
      "integrity": "sha512-G8u2eEtoHUnUa9f8lbvqDhCiORMnYLdUEo06EEG9MQvHQrInKcX3Pa2TH39MM5qyzRcWETxB0+aOwAPI1g1kEg==",
      "license": "ISC",
      "peerDependencies": {
        "react": "^16.5.1 || ^17.0.0 || ^18.0.0 || ^19.0.0"
      }
    },
    "node_modules/motion": {
      "version": "13.1.0",
      "resolved": "https://registry.npmjs.org/motion/-/motion-13.1.0.tgz",
      "integrity": "sha512-qtvscq59uCPdWnNW4SdSkrxR+BS/QYsa923bx7ocA+4p+ZGNbbVQwkSnG4aukB81QWjtl3AxX36plxNyZLmHCA==",
      "license": "MIT",
      "dependencies": {
        "framer-motion": "^13.1.0",
        "tslib": "^2.4.0"
      },
      "peerDependencies": {
        "react": "^18.0.0 || ^19.0.0",
        "react-dom": "^18.0.0 || ^19.0.0"
      },
      "peerDependenciesMeta": {
        "react": {
          "optional": true
        },
        "react-dom": {
          "optional": true
        }
      }
    },
    "node_modules/motion-dom": {
      "version": "13.0.0",
      "resolved": "https://registry.npmjs.org/motion-dom/-/motion-dom-13.0.0.tgz",
      "integrity": "sha512-Xk+SJas70uMAUIApg+m3lZDShxI3LBFHq7mFGbBKoRXc2PVPDyAKmzN64Bbzt4CZdP/CItTiJxWtn4TA0v53Ng==",
      "license": "MIT",
      "dependencies": {
        "motion-utils": "^13.0.0"
      }
    },
    "node_modules/motion-utils": {
      "version": "13.0.0",
      "resolved": "https://registry.npmjs.org/motion-utils/-/motion-utils-13.0.0.tgz",
      "integrity": "sha512-7DnN7TmbLcYXcG4RVadXIihWlyuM9afoUww8Y5Agg431kGKiuL2/OMyP4mJ5wLz+pvN3t5ySClLOaVXJ+wekRQ==",
      "license": "MIT"
    },
    "node_modules/prettier": {
      "resolved": "node_modules/.pnpm/prettier@3.9.6/node_modules/prettier",
      "link": true
    },
    "node_modules/react": {
      "version": "19.2.8",
      "resolved": "https://registry.npmjs.org/react/-/react-19.2.8.tgz",
      "integrity": "sha512-PWaYA1L/q9u2u7xYQi+Y3L3Yfnie7XyLeaJICV1MGD6LprsBxcAqGjYyr0eY3p+QdsA+x/Irkt4Qif8D63+Sbw==",
      "license": "MIT",
      "peer": true,
      "engines": {
        "node": ">=0.10.0"
      }
    },
    "node_modules/tslib": {
      "version": "2.8.1",
      "resolved": "https://registry.npmjs.org/tslib/-/tslib-2.8.1.tgz",
      "integrity": "sha512-oJFu94HQb+KVduSUQL7wnpmqnfmLsOA/nAh6b6EH0wCEoK0/mPeXU6c3wKDV83MkOuHPRHtSXKKU99IBazS/2w==",
      "license": "0BSD"
    },
    "node_modules/turbo": {
      "resolved": "node_modules/.pnpm/turbo@2.10.8/node_modules/turbo",
      "link": true
    }
  }
}
